{
  "version": "5",
  "specifiers": {
    "jsr:@std/crypto@*": "1.0.5",
    "jsr:@std/encoding@*": "1.0.10",
    "npm:@supabase/supabase-js@2": "2.94.0"
  },
  "jsr": {
    "@std/crypto@1.0.5": {
      "integrity": "0dcfbb319fe0bba1bd3af904ceb4f948cde1b92979ec1614528380ed308a3b40"
    },
    "@std/encoding@1.0.10": {
      "integrity": "8783c6384a2d13abd5e9e87a7ae0520a30e9f56aeeaa3bdf910a3eaaf5c811a1"
    }
  },
  "npm": {
    "@supabase/auth-js@2.94.0": {
      "integrity": "sha512-FPFx8DzEreSoLo2HVfwNY0p/uNQ9rONQp3VKw68UP8wg1YwXK5g+TM4d4U7LTGW4HqwG0rjUdQ1it7QPw09r2w==",
      "dependencies": [
        "tslib"
      ]
    },
    "@supabase/functions-js@2.94.0": {
      "integrity": "sha512-DAbIptT7e7hAvYHp4FhRH+LxxvKQ38QGxjaFHLoDoeQBqDaAbP/iu74dLOn6PIAnSRAqUkN2bKGs3awzNzBgKA==",
      "dependencies": [
        "tslib"
      ]
    },
    "@supabase/postgrest-js@2.94.0": {
      "integrity": "sha512-3YKoDJu8VxvlJdCe2U2edzSQ9uArR0OLM3A4eAsS4QnIqzs+HuY5ZnubeoWnn/zRNeTENMLSXXZHAeMBPkyXew==",
      "dependencies": [
        "tslib"
      ]
    },
    "@supabase/realtime-js@2.94.0": {
      "integrity": "sha512-TTPVttf4yMZTd0Jo65rIn4eyTAlI7XlwgB6OVEnne4Sz4VOddXPavEw4xRISOKJZ1n8ULLRz03hilMtqnj9gNg==",
      "dependencies": [
        "@types/phoenix",
        "@types/ws",
        "tslib",
        "ws"
      ]
    },
    "@supabase/storage-js@2.94.0": {
      "integrity": "sha512-wLdfqKqSfdDgGbLqgsT8ssEELBaHJm1xwiymq3cvVgxcbjRR6ECtUGtA1kj0JvX/F9DiARbrk/zkIsQ+OaUVBg==",
      "dependencies": [
        "iceberg-js",
        "tslib"
      ]
    },
    "@supabase/supabase-js@2.94.0": {
      "integrity": "sha512-KcqoA3ITW++CwoyCFxwV10npzR6wMfjKbMz87Q1PSuLw26SmHFQjjbBLvuZpzOrPoQ67on5W55irFsK8e0BhWg==",
      "dependencies": [
        "@supabase/auth-js",
        "@supabase/functions-js",
        "@supabase/postgrest-js",
        "@supabase/realtime-js",
        "@supabase/storage-js"
      ]
    },
    "@types/node@25.2.0": {
      "integrity": "sha512-DZ8VwRFUNzuqJ5khrvwMXHmvPe+zGayJhr2CDNiKB1WBE1ST8Djl00D0IC4vvNmHMdj6DlbYRIaFE7WHjlDl5w==",
      "dependencies": [
        "undici-types"
      ]
    },
    "@types/phoenix@1.6.7": {
      "integrity": "sha512-oN9ive//QSBkf19rfDv45M7eZPi0eEXylht2OLEXicu5b4KoQ1OzXIw+xDSGWxSxe1JmepRR/ZH283vsu518/Q=="
    },
    "@types/ws@8.18.1": {
      "integrity": "sha512-ThVF6DCVhA8kUGy+aazFQ4kXQ7E1Ty7A3ypFOe0IcJV8O/M511G99AW24irKrW56Wt44yG9+ij8FaqoBGkuBXg==",
      "dependencies": [
        "@types/node"
      ]
    },
    "iceberg-js@0.8.1": {
      "integrity": "sha512-1dhVQZXhcHje7798IVM+xoo/1ZdVfzOMIc8/rgVSijRK38EDqOJoGula9N/8ZI5RD8QTxNQtK/Gozpr+qUqRRA=="
    },
    "tslib@2.8.1": {
      "integrity": "sha512-oJFu94HQb+KVduSUQL7wnpmqnfmLsOA/nAh6b6EH0wCEoK0/mPeXU6c3wKDV83MkOuHPRHtSXKKU99IBazS/2w=="
    },
    "undici-types@7.16.0": {
      "integrity": "sha512-Zz+aZWSj8LE6zoxD+xrjh4VfkIG8Ya6LvYkZqtUQGJPZjYl53ypCaUwWqo7eI0x66KBGeRo+mlBEkMSeSZ38Nw=="
    },
    "ws@8.19.0": {
      "integrity": "sha512-blAT2mjOEIi0ZzruJfIhb3nps74PRWTCz1IjglWEEpQl5XS/UNama6u2/rjFkDDouqr4L67ry+1aGIALViWjDg=="
    }
  },
  "redirects": {
    "https://esm.sh/@supabase/supabase-js@2": "https://esm.sh/@supabase/supabase-js@2.94.0",
    "https://esm.sh/iceberg-js@^0.8.1?target=denonext": "https://esm.sh/iceberg-js@0.8.1?target=denonext"
  },
  "remote": {
    "https://esm.sh/@supabase/auth-js@2.94.0/denonext/auth-js.mjs": "214ee39346e4e7104b7b5ec87e3953cc29f834c276bc6915a690ba0373be08a4",
    "https://esm.sh/@supabase/functions-js@2.94.0/denonext/functions-js.mjs": "18033b2dfd9989ed834a714740c93e681c0db18fb9ef5e4be570a60cb34116ed",
    "https://esm.sh/@supabase/postgrest-js@2.94.0/denonext/postgrest-js.mjs": "388e72fabaf480aaf9fed4693e7b0fe96cf93a7e35529fee160726c168504af2",
    "https://esm.sh/@supabase/realtime-js@2.94.0/denonext/realtime-js.mjs": "9065a3af7a166f9e007e45747785279621197691275de39b2fff2e313c5cfe85",
    "https://esm.sh/@supabase/storage-js@2.94.0/denonext/storage-js.mjs": "775d21b649c820c2989ab50ad0f491442fd67f7ffb44e8800e370cc495038a4d",
    "https://esm.sh/@supabase/supabase-js@2.94.0": "14282e91febcc7dc83762a5b66f09000328a8dd54c1094fdff0f35b5f6998bd9",
    "https://esm.sh/@supabase/supabase-js@2.94.0/denonext/supabase-js.mjs": "46eecf5aa1f17074a6e99f2dfacce96757039a95ba2a76cc25653aec2b323b12",
    "https://esm.sh/iceberg-js@0.8.1/denonext/iceberg-js.mjs": "d839d81a2e3966500ca2cdd0c1cb458e9608bacfc91f7bb67a69b2e878dcdb4f",
    "https://esm.sh/iceberg-js@0.8.1?target=denonext": "58c849d7fe2bf4eca4a84eb501e83c161a7d8c34ca1bec15a962b3bec3062633",
    "https://esm.sh/tslib@2.8.1/denonext/tslib.mjs": "c38da5dd6da6281964435002ce204cd586634fe3bdfb24a0ee116f48cf3292e9"
  },
  "workspace": {
    "dependencies": [
      "npm:@supabase/supabase-js@2"
    ]
  }
}
